
Microsoft Visual Studio Solution File, Format Version 12.00
# Visual Studio 15
VisualStudioVersion = 15.0.26403.7
MinimumVisualStudioVersion = 10.0.40219.1
Project("{FAE04EC0-301F-11D3-BF4B-00C04F79EFBC}") = "AjoPeli", "AjoPeli\AjoPeli\AjoPeli.csproj", "{4C7DD874-1E6B-4A95-9401-A8B7AF3085B1}"
EndProject
Project("{96E2B04D-8817-42C6-938A-82C39BA4D311}") = "AjoPeliContent", "AjoPeli\AjoPeliContent\AjoPeliContent.contentproj", "{D9382823-3EF7-4482-A5A2-F0DD7210585D}"
EndProject
Global
	GlobalSection(SolutionConfigurationPlatforms) = preSolution
		Debug|x86 = Debug|x86
		Release|x86 = Release|x86
	EndGlobalSection
	GlobalSection(ProjectConfigurationPlatforms) = postSolution
		{4C7DD874-1E6B-4A95-9401-A8B7AF3085B1}.Debug|x86.ActiveCfg = Debug|x86
		{4C7DD874-1E6B-4A95-9401-A8B7AF3085B1}.Debug|x86.Build.0 = Debug|x86
		{4C7DD874-1E6B-4A95-9401-A8B7AF3085B1}.Release|x86.ActiveCfg = Release|x86
		{4C7DD874-1E6B-4A95-9401-A8B7AF3085B1}.Release|x86.Build.0 = Release|x86
		{D9382823-3EF7-4482-A5A2-F0DD7210585D}.Debug|x86.ActiveCfg = Debug|x86
		{D9382823-3EF7-4482-A5A2-F0DD7210585D}.Release|x86.ActiveCfg = Release|x86
	EndGlobalSection
	GlobalSection(SolutionProperties) = preSolution
		HideSolutionNode = FALSE
	EndGlobalSection
EndGlobal
